<?xml version="1.0" encoding="utf-8"?>
<Project ToolsVersion="4.0" xmlns="http://schemas.microsoft.com/developer/msbuild/2003">
  <ItemGroup>
    <Filter Include="Source Files">
      <UniqueIdentifier>{4FC737F1-C7A5-4376-A066-2A32D752A2FF}</UniqueIdentifier>
      <Extensions>cpp;c;cc;cxx;def;odl;idl;hpj;bat;asm;asmx</Extensions>
    </Filter>
    <Filter Include="Header Files">
      <UniqueIdentifier>{93995380-89BD-4b04-88EB-625FBE52EBFB}</UniqueIdentifier>
      <Extensions>h;hpp;hxx;hm;inl;inc;xsd</Extensions>
    </Filter>
    <Filter Include="Resource Files">
      <UniqueIdentifier>{67DA6AB6-F800-4c08-8B7A-83BB121AAD01}</UniqueIdentifier>
      <Extensions>rc;ico;cur;bmp;dlg;rc2;rct;bin;rgs;gif;jpg;jpeg;jpe;resx;tiff;tif;png;wav</Extensions>
    </Filter>
  </ItemGroup>
  <ItemGroup>
    <ClCompile Include="src\view\BattleBoardFactory.cpp">
      <Filter>Source Files</Filter>
    </ClCompile>
    <ClCompile Include="src\view\BattleBoardGUIController.cpp">
      <Filter>Source Files</Filter>
    </ClCompile>
    <ClCompile Include="src\view\BattleBoardGUIView.cpp">
      <Filter>Source Files</Filter>
    </ClCompile>
    <ClCompile Include="src\controller\BattleBoard\BBControler.cpp">
      <Filter>Source Files</Filter>
    </ClCompile>
    <ClCompile Include="src\model\BattleBoard\BBModel.cpp">
      <Filter>Source Files</Filter>
    </ClCompile>
    <ClCompile Include="src\model\BattleBoard\BBPlayerModel.cpp">
      <Filter>Source Files</Filter>
    </ClCompile>
    <ClCompile Include="src\model\BattleBoard\BBShipModel.cpp">
      <Filter>Source Files</Filter>
    </ClCompile>
    <ClCompile Include="src\controller\BattleBoard\BBStateEnemyShip.cpp">
      <Filter>Source Files</Filter>
    </ClCompile>
    <ClCompile Include="src\controller\BattleBoard\BBStateShip.cpp">
      <Filter>Source Files</Filter>
    </ClCompile>
    <ClCompile Include="src\controller\BattleBoard\BBStateStart.cpp">
      <Filter>Source Files</Filter>
    </ClCompile>
    <ClCompile Include="src\model\Buff.cpp">
      <Filter>Source Files</Filter>
    </ClCompile>
    <ClCompile Include="src\model\Building.cpp">
      <Filter>Source Files</Filter>
    </ClCompile>
    <ClCompile Include="src\controller\Controler.cpp">
      <Filter>Source Files</Filter>
    </ClCompile>
    <ClCompile Include="src\view\DrawableModel.cpp">
      <Filter>Source Files</Filter>
    </ClCompile>
    <ClCompile Include="src\loader\DrawableModelLoader.cpp">
      <Filter>Source Files</Filter>
    </ClCompile>
    <ClCompile Include="src\driver\DriverMain.cpp">
      <Filter>Source Files</Filter>
    </ClCompile>
    <ClCompile Include="src\model\Engine.cpp">
      <Filter>Source Files</Filter>
    </ClCompile>
    <ClCompile Include="src\math\Face.cpp">
      <Filter>Source Files</Filter>
    </ClCompile>
    <ClCompile Include="src\model\FuelCell.cpp">
      <Filter>Source Files</Filter>
    </ClCompile>
    <ClCompile Include="src\math\int3.cpp">
      <Filter>Source Files</Filter>
    </ClCompile>
    <ClCompile Include="src\device\Keyboard.cpp">
      <Filter>Source Files</Filter>
    </ClCompile>
    <ClCompile Include="src\math\Matrix.cpp">
      <Filter>Source Files</Filter>
    </ClCompile>
    <ClCompile Include="src\device\Mouse.cpp">
      <Filter>Source Files</Filter>
    </ClCompile>
    <ClCompile Include="src\loader\OBJloader.cpp">
      <Filter>Source Files</Filter>
    </ClCompile>
    <ClCompile Include="src\loader\OBJModel.cpp">
      <Filter>Source Files</Filter>
    </ClCompile>
    <ClCompile Include="src\model\Planet.cpp">
      <Filter>Source Files</Filter>
    </ClCompile>
    <ClCompile Include="src\model\Ship.cpp">
      <Filter>Source Files</Filter>
    </ClCompile>
    <ClCompile Include="src\view\ShipGUIController.cpp">
      <Filter>Source Files</Filter>
    </ClCompile>
    <ClCompile Include="src\view\ShipView.cpp">
      <Filter>Source Files</Filter>
    </ClCompile>
    <ClCompile Include="src\view\ShipViewport.cpp">
      <Filter>Source Files</Filter>
    </ClCompile>
    <ClCompile Include="src\model\SolarSystem.cpp">
      <Filter>Source Files</Filter>
    </ClCompile>
    <ClCompile Include="src\view\SpaceCombatViewport.cpp">
      <Filter>Source Files</Filter>
    </ClCompile>
    <ClCompile Include="src\loader\TextureLoader.cpp">
      <Filter>Source Files</Filter>
    </ClCompile>
    <ClCompile Include="src\math\Vector2.cpp">
      <Filter>Source Files</Filter>
    </ClCompile>
    <ClCompile Include="src\math\Vector3.cpp">
      <Filter>Source Files</Filter>
    </ClCompile>
    <ClCompile Include="src\view\Cursor.cpp">
      <Filter>Source Files</Filter>
    </ClCompile>
    <ClCompile Include="src\controller\BattleBoard\BBControllerInterface.cpp">
      <Filter>Source Files</Filter>
    </ClCompile>
    <ClCompile Include="src\controller\BattleBoard\BBPhysics.cpp">
      <Filter>Source Files</Filter>
    </ClCompile>
  </ItemGroup>
  <ItemGroup>
    <ClInclude Include="inc\view\BattleBoardFactory.h">
      <Filter>Header Files</Filter>
    </ClInclude>
    <ClInclude Include="inc\view\BattleBoardGUI.h">
      <Filter>Header Files</Filter>
    </ClInclude>
    <ClInclude Include="inc\controller\BattleBoard\BBControler.h">
      <Filter>Header Files</Filter>
    </ClInclude>
    <ClInclude Include="inc\model\BattleBoard\BBModel.h">
      <Filter>Header Files</Filter>
    </ClInclude>
    <ClInclude Include="inc\model\BattleBoard\BBPlayerModel.h">
      <Filter>Header Files</Filter>
    </ClInclude>
    <ClInclude Include="inc\model\BattleBoard\BBShipModel.h">
      <Filter>Header Files</Filter>
    </ClInclude>
    <ClInclude Include="inc\controller\BattleBoard\BBState.h">
      <Filter>Header Files</Filter>
    </ClInclude>
    <ClInclude Include="inc\controller\BattleBoard\BBStateEnemyShip.h">
      <Filter>Header Files</Filter>
    </ClInclude>
    <ClInclude Include="inc\controller\BattleBoard\BBStateShip.h">
      <Filter>Header Files</Filter>
    </ClInclude>
    <ClInclude Include="inc\controller\BattleBoard\BBStateStart.h">
      <Filter>Header Files</Filter>
    </ClInclude>
    <ClInclude Include="inc\model\Buff.h">
      <Filter>Header Files</Filter>
    </ClInclude>
    <ClInclude Include="inc\model\Building.h">
      <Filter>Header Files</Filter>
    </ClInclude>
    <ClInclude Include="inc\controller\Controler.h">
      <Filter>Header Files</Filter>
    </ClInclude>
    <ClInclude Include="inc\view\DrawableModel.h">
      <Filter>Header Files</Filter>
    </ClInclude>
    <ClInclude Include="inc\loader\DrawableModelLoader.h">
      <Filter>Header Files</Filter>
    </ClInclude>
    <ClInclude Include="inc\model\Engine.h">
      <Filter>Header Files</Filter>
    </ClInclude>
    <ClInclude Include="inc\model\Enums.h">
      <Filter>Header Files</Filter>
    </ClInclude>
    <ClInclude Include="inc\math\Face.h">
      <Filter>Header Files</Filter>
    </ClInclude>
    <ClInclude Include="inc\model\FuelCell.h">
      <Filter>Header Files</Filter>
    </ClInclude>
    <ClInclude Include="inc\device\InputDevice.h">
      <Filter>Header Files</Filter>
    </ClInclude>
    <ClInclude Include="inc\math\int3.h">
      <Filter>Header Files</Filter>
    </ClInclude>
    <ClInclude Include="inc\device\Keyboard.h">
      <Filter>Header Files</Filter>
    </ClInclude>
    <ClInclude Include="inc\math\Matrix.h">
      <Filter>Header Files</Filter>
    </ClInclude>
    <ClInclude Include="inc\device\Mouse.h">
      <Filter>Header Files</Filter>
    </ClInclude>
    <ClInclude Include="inc\loader\OBJloader.h">
      <Filter>Header Files</Filter>
    </ClInclude>
    <ClInclude Include="inc\loader\OBJModel.h">
      <Filter>Header Files</Filter>
    </ClInclude>
    <ClInclude Include="inc\view\OpenGLViewport.h">
      <Filter>Header Files</Filter>
    </ClInclude>
    <ClInclude Include="inc\model\Planet.h">
      <Filter>Header Files</Filter>
    </ClInclude>
    <ClInclude Include="inc\model\BattleBoard\Position.h">
      <Filter>Header Files</Filter>
    </ClInclude>
    <ClInclude Include="inc\model\Ship.h">
      <Filter>Header Files</Filter>
    </ClInclude>
    <ClInclude Include="inc\view\ShipGUI.h">
      <Filter>Header Files</Filter>
    </ClInclude>
    <ClInclude Include="inc\view\ShipViewport.h">
      <Filter>Header Files</Filter>
    </ClInclude>
    <ClInclude Include="inc\model\SolarSystem.h">
      <Filter>Header Files</Filter>
    </ClInclude>
    <ClInclude Include="inc\view\SpaceCombatViewport.h">
      <Filter>Header Files</Filter>
    </ClInclude>
    <ClInclude Include="inc\loader\TextureLoader.h">
      <Filter>Header Files</Filter>
    </ClInclude>
    <ClInclude Include="inc\math\Vector2.h">
      <Filter>Header Files</Filter>
    </ClInclude>
    <ClInclude Include="inc\math\Vector3.h">
      <Filter>Header Files</Filter>
    </ClInclude>
    <ClInclude Include="inc\math\VectorMath.h">
      <Filter>Header Files</Filter>
    </ClInclude>
    <ClInclude Include="inc\model\ZList.h">
      <Filter>Header Files</Filter>
    </ClInclude>
    <ClInclude Include="inc\view\cursor.h">
      <Filter>Header Files</Filter>
    </ClInclude>
    <ClInclude Include="inc\controller\battleboard\bbcontrollerinterface.h">
      <Filter>Header Files</Filter>
    </ClInclude>
    <ClInclude Include="inc\controller\battleboard\bbphysics.h">
      <Filter>Header Files</Filter>
    </ClInclude>
  </ItemGroup>
  <ItemGroup>
    <None Include="content\backgrounds\not as good backgrounds\gcenter.bmp">
      <Filter>Resource Files</Filter>
    </None>
    <None Include="content\backgrounds\not as good backgrounds\Space_Nebula.bmp">
      <Filter>Resource Files</Filter>
    </None>
    <None Include="content\backgrounds\not as good backgrounds\starry-night.bmp">
      <Filter>Resource Files</Filter>
    </None>
    <None Include="content\backgrounds\not as good backgrounds\starsingalaxy.bmp">
      <Filter>Resource Files</Filter>
    </None>
    <None Include="content\convertedships\combatship\NAVE.bmp">
      <Filter>Resource Files</Filter>
    </None>
    <None Include="content\convertedships\awing\AWHuVen.bmp">
      <Filter>Resource Files</Filter>
    </None>
  </ItemGroup>
</Project>